# This file was autogenerated by uv via the following command:
#    uv pip compile requirements.txt --output-file requirements.lock
alembic==1.14.1
    # via optuna
asttokens==3.0.0
    # via stack-data
bz2file==0.98
    # via -r requirements.txt
cffi==1.17.1
    # via cryptography
click==8.1.8
    # via mkdocs
cmasher==1.9.2
    # via -r requirements.txt
cmocean==4.0.3
    # via -r requirements.txt
colorlog==6.9.0
    # via optuna
colorspacious==1.1.2
    # via cmasher
comm==0.2.2
    # via ipykernel
contourpy==1.3.1
    # via matplotlib
cryptography==44.0.1
    # via -r requirements.txt
cycler==0.12.1
    # via matplotlib
debugpy==1.8.12
    # via ipykernel
decorator==5.2.1
    # via ipython
deepdiff==8.2.0
    # via -r requirements.txt
dill==0.3.9
    # via
    #   multiprocess
    #   sciris
editorconfig==0.17.0
    # via jsbeautifier
et-xmlfile==2.0.0
    # via openpyxl
executing==2.2.0
    # via stack-data
fire==0.7.0
    # via -r requirements.txt
fonttools==4.56.0
    # via matplotlib
ghp-import==2.1.0
    # via mkdocs
gitdb==4.0.12
    # via gitpython
gitpython==3.1.44
    # via sciris
graphviz==0.20.3
    # via -r requirements.txt
greenlet==3.1.1
    # via sqlalchemy
iniconfig==2.0.0
    # via pytest
ipykernel==6.29.5
    # via -r requirements.txt
ipython==8.32.0
    # via ipykernel
jedi==0.19.2
    # via ipython
jellyfish==1.1.3
    # via sciris
jinja2==3.1.5
    # via
    #   mkdocs
    #   mkdocstrings
jsbeautifier==1.15.3
    # via -r requirements.txt
jsonobject==2.2.0
    # via -r requirements.txt
jsonpickle==4.0.2
    # via sciris
jupyter-client==8.6.3
    # via ipykernel
jupyter-core==5.7.2
    # via
    #   ipykernel
    #   jupyter-client
kiwisolver==1.4.8
    # via matplotlib
llvmlite==0.44.0
    # via numba
mako==1.3.9
    # via alembic
markdown==3.3.7
    # via
    #   -r requirements.txt
    #   mkdocs
    #   mkdocs-autorefs
    #   mkdocstrings
    #   pymdown-extensions
markupsafe==3.0.2
    # via
    #   jinja2
    #   mako
    #   mkdocs-autorefs
    #   mkdocstrings
matplotlib==3.8.3
    # via
    #   -r requirements.txt
    #   cmasher
    #   cmocean
    #   parestlib
    #   sciris
    #   seaborn
matplotlib-inline==0.1.7
    # via
    #   ipykernel
    #   ipython
memory-profiler==0.61.0
    # via sciris
mergedeep==1.3.4
    # via mkdocs
mkdocs==1.4.2
    # via
    #   -r requirements.txt
    #   mkdocs-autorefs
    #   mkdocs-section-index
    #   mkdocstrings
mkdocs-autorefs==1.4.0
    # via mkdocstrings
mkdocs-section-index==0.3.9
    # via -r requirements.txt
mkdocstrings==0.19.1
    # via -r requirements.txt
multiprocess==0.70.17
    # via sciris
narwhals==1.28.0
    # via plotly
nest-asyncio==1.6.0
    # via ipykernel
networkx==3.4.2
    # via -r requirements.txt
numba==0.61.0
    # via -r requirements.txt
numpy==1.26.0
    # via
    #   -r requirements.txt
    #   cmasher
    #   cmocean
    #   colorspacious
    #   contourpy
    #   matplotlib
    #   numba
    #   optuna
    #   pandas
    #   parestlib
    #   patsy
    #   scipy
    #   sciris
    #   seaborn
    #   statsmodels
openpyxl==3.1.5
    # via sciris
optuna==4.2.1
    # via -r requirements.txt
orderly-set==5.3.0
    # via deepdiff
packaging==24.2
    # via
    #   cmocean
    #   ipykernel
    #   matplotlib
    #   mkdocs
    #   optuna
    #   plotly
    #   pytest
    #   sciris
    #   statsmodels
pandas==2.2.2
    # via
    #   -r requirements.txt
    #   sciris
    #   seaborn
    #   statsmodels
parestlib==0.4.0
    # via -r requirements.txt
parso==0.8.4
    # via jedi
patsy==1.0.1
    # via statsmodels
pexpect==4.9.0
    # via ipython
pillow==11.1.0
    # via matplotlib
platformdirs==4.3.6
    # via jupyter-core
plotly==6.0.0
    # via -r requirements.txt
pluggy==1.5.0
    # via pytest
prompt-toolkit==3.0.50
    # via ipython
psutil==7.0.0
    # via
    #   ipykernel
    #   memory-profiler
    #   sciris
ptyprocess==0.7.0
    # via pexpect
pure-eval==0.2.3
    # via stack-data
pycparser==2.22
    # via cffi
pydot==3.0.4
    # via -r requirements.txt
pygments==2.19.1
    # via ipython
pymdown-extensions==10.4
    # via mkdocstrings
pyparsing==3.2.1
    # via
    #   matplotlib
    #   pydot
pytest==8.3.4
    # via -r requirements.txt
python-dateutil==2.9.0.post0
    # via
    #   ghp-import
    #   jupyter-client
    #   matplotlib
    #   pandas
    #   sciris
pytictoc==1.5.3
    # via -r requirements.txt
pytz==2025.1
    # via pandas
pyyaml==6.0.2
    # via
    #   -r requirements.txt
    #   mkdocs
    #   optuna
    #   pymdown-extensions
    #   pyyaml-env-tag
    #   sciris
pyyaml-env-tag==0.1
    # via mkdocs
pyzmq==26.2.1
    # via
    #   ipykernel
    #   jupyter-client
scipy==1.15.2
    # via
    #   -r requirements.txt
    #   parestlib
    #   statsmodels
sciris==3.2.0
    # via
    #   -r requirements.txt
    #   parestlib
seaborn==0.13.2
    # via -r requirements.txt
setuptools==75.8.0
    # via
    #   -r requirements.txt
    #   sciris
six==1.17.0
    # via
    #   jsbeautifier
    #   python-dateutil
smmap==5.0.2
    # via gitdb
sqlalchemy==2.0.38
    # via
    #   alembic
    #   optuna
stack-data==0.6.3
    # via ipython
statsmodels==0.14.4
    # via
    #   -r requirements.txt
    #   parestlib
termcolor==2.5.0
    # via fire
tornado==6.4.2
    # via
    #   ipykernel
    #   jupyter-client
tqdm==4.67.1
    # via
    #   optuna
    #   sciris
traitlets==5.14.3
    # via
    #   comm
    #   ipykernel
    #   ipython
    #   jupyter-client
    #   jupyter-core
    #   matplotlib-inline
typing-extensions==4.12.2
    # via
    #   alembic
    #   sqlalchemy
tzdata==2025.1
    # via pandas
watchdog==6.0.0
    # via mkdocs
wcwidth==0.2.13
    # via prompt-toolkit
xlsxwriter==3.2.2
    # via sciris
zstandard==0.23.0
    # via sciris
